<?xml version="1.0" encoding="utf-8"?>
<Project ToolsVersion="4.0" xmlns="http://schemas.microsoft.com/developer/msbuild/2003">
  <ItemGroup>
    <Filter Include="ShaderFiles">
      <UniqueIdentifier>{bddc25c2-a009-4793-83b6-89a98a2b25ca}</UniqueIdentifier>
    </Filter>
    <Filter Include="ShaderFiles\HLSL">
      <UniqueIdentifier>{d79a697b-9afd-4377-a088-948486ad4050}</UniqueIdentifier>
    </Filter>
    <Filter Include="SourceFiles">
      <UniqueIdentifier>{4FC737F1-C7A5-4376-A066-2A32D752A2FF}</UniqueIdentifier>
      <Extensions>cpp;c;cc;cxx;def;odl;idl;hpj;bat;asm;asmx</Extensions>
    </Filter>
    <Filter Include="SourceFiles\Application">
      <UniqueIdentifier>{861a46ae-ec97-418c-b22d-61f4abaed4b2}</UniqueIdentifier>
    </Filter>
    <Filter Include="SourceFiles\Utility">
      <UniqueIdentifier>{316837a8-2d9d-455f-b521-87ba218888e9}</UniqueIdentifier>
    </Filter>
    <Filter Include="SourceFiles\DirectX12">
      <UniqueIdentifier>{8fb067c5-4e94-4ff9-ad6c-2738f9ad8fe1}</UniqueIdentifier>
    </Filter>
    <Filter Include="SourceFiles\DirectX11">
      <UniqueIdentifier>{bf254e5c-6f60-4ef9-934f-0c44ed7105ec}</UniqueIdentifier>
    </Filter>
    <Filter Include="LibraryFiles">
      <UniqueIdentifier>{74f53754-a960-4f02-a110-a29cbb1324f5}</UniqueIdentifier>
    </Filter>
    <Filter Include="SourceFiles\DirectX12\Game">
      <UniqueIdentifier>{b6d206f9-d927-44a4-bafc-ac691d1b1d89}</UniqueIdentifier>
    </Filter>
  </ItemGroup>
  <ItemGroup>
    <ClCompile Include="code\main.cpp">
      <Filter>SourceFiles</Filter>
    </ClCompile>
    <ClCompile Include="code\stdafx.cpp">
      <Filter>SourceFiles</Filter>
    </ClCompile>
    <ClCompile Include="lib\DirectXTex\DDSTextureLoader\ddstextureloader.cpp">
      <Filter>LibraryFiles</Filter>
    </ClCompile>
    <ClCompile Include="lib\DirectXTex\WICTextureLoader\WICTextureLoader.cpp">
      <Filter>LibraryFiles</Filter>
    </ClCompile>
    <ClCompile Include="code\Utility\nFile.cpp">
      <Filter>SourceFiles\Utility</Filter>
    </ClCompile>
    <ClCompile Include="code\Utility\nString.cpp">
      <Filter>SourceFiles\Utility</Filter>
    </ClCompile>
    <ClCompile Include="code\DirectX12\sDX12Device.cpp">
      <Filter>SourceFiles\DirectX12</Filter>
    </ClCompile>
    <ClCompile Include="code\DirectX11\nFigureData.cpp">
      <Filter>SourceFiles\DirectX11</Filter>
    </ClCompile>
    <ClCompile Include="code\DirectX11\cDX11RenderObject.cpp">
      <Filter>SourceFiles\DirectX11</Filter>
    </ClCompile>
    <ClCompile Include="code\DirectX11\sDX11Device.cpp">
      <Filter>SourceFiles\DirectX11</Filter>
    </ClCompile>
    <ClCompile Include="code\Application\sWindow.cpp">
      <Filter>SourceFiles\Application</Filter>
    </ClCompile>
    <ClCompile Include="code\DirectX11\cDX11Texture.cpp">
      <Filter>SourceFiles\DirectX11</Filter>
    </ClCompile>
    <ClCompile Include="code\Utility\cDeltaTime.cpp">
      <Filter>SourceFiles\Utility</Filter>
    </ClCompile>
    <ClCompile Include="code\Game\cDX11App.cpp">
      <Filter>SourceFiles\DirectX12\Game</Filter>
    </ClCompile>
    <ClCompile Include="code\Application\aApp.cpp">
      <Filter>SourceFiles\Application</Filter>
    </ClCompile>
    <ClCompile Include="code\Application\sTime.cpp">
      <Filter>SourceFiles\Application</Filter>
    </ClCompile>
    <ClCompile Include="code\Application\sAppExecutor.cpp">
      <Filter>SourceFiles\Application</Filter>
    </ClCompile>
    <ClCompile Include="code\Utility\nModelLoader.cpp">
      <Filter>SourceFiles\Utility</Filter>
    </ClCompile>
    <ClCompile Include="code\DirectX11\uDX11RenderScene_Demo00.cpp">
      <Filter>SourceFiles\DirectX11</Filter>
    </ClCompile>
    <ClCompile Include="code\Application\sMouse.cpp">
      <Filter>SourceFiles\Application</Filter>
    </ClCompile>
    <ClCompile Include="code\Utility\cCamera3D.cpp">
      <Filter>SourceFiles\Utility</Filter>
    </ClCompile>
    <ClCompile Include="code\Application\sKeyboard.cpp">
      <Filter>SourceFiles\Application</Filter>
    </ClCompile>
  </ItemGroup>
  <ItemGroup>
    <ClInclude Include="code\main.h">
      <Filter>SourceFiles</Filter>
    </ClInclude>
    <ClInclude Include="code\stdafx.h">
      <Filter>SourceFiles</Filter>
    </ClInclude>
    <ClInclude Include="code\Utility\nFile.h">
      <Filter>SourceFiles\Utility</Filter>
    </ClInclude>
    <ClInclude Include="code\Utility\nString.h">
      <Filter>SourceFiles\Utility</Filter>
    </ClInclude>
    <ClInclude Include="code\DirectX12\sDX12Device.h">
      <Filter>SourceFiles\DirectX12</Filter>
    </ClInclude>
    <ClInclude Include="code\DirectX11\nFigureData.h">
      <Filter>SourceFiles\DirectX11</Filter>
    </ClInclude>
    <ClInclude Include="code\DirectX11\cDX11RenderObject.h">
      <Filter>SourceFiles\DirectX11</Filter>
    </ClInclude>
    <ClInclude Include="code\DirectX11\sDX11Device.h">
      <Filter>SourceFiles\DirectX11</Filter>
    </ClInclude>
    <ClInclude Include="code\Application\aRenderDevice.h">
      <Filter>SourceFiles\Application</Filter>
    </ClInclude>
    <ClInclude Include="code\Application\sWindow.h">
      <Filter>SourceFiles\Application</Filter>
    </ClInclude>
    <ClInclude Include="code\DirectX11\cDX11Texture.h">
      <Filter>SourceFiles\DirectX11</Filter>
    </ClInclude>
    <ClInclude Include="code\Utility\cDeltaTime.h">
      <Filter>SourceFiles\Utility</Filter>
    </ClInclude>
    <ClInclude Include="code\DirectX11\tDX11ConstantBuffer.h">
      <Filter>SourceFiles\DirectX11</Filter>
    </ClInclude>
    <ClInclude Include="code\Game\cDX11App.h">
      <Filter>SourceFiles\DirectX12\Game</Filter>
    </ClInclude>
    <ClInclude Include="code\Application\aApp.h">
      <Filter>SourceFiles\Application</Filter>
    </ClInclude>
    <ClInclude Include="code\Application\sTime.h">
      <Filter>SourceFiles\Application</Filter>
    </ClInclude>
    <ClInclude Include="code\Application\sAppExecutor.h">
      <Filter>SourceFiles\Application</Filter>
    </ClInclude>
    <ClInclude Include="code\Utility\nModelLoader.h">
      <Filter>SourceFiles\Utility</Filter>
    </ClInclude>
    <ClInclude Include="code\DirectX11\cDX11RenderScene.h">
      <Filter>SourceFiles\DirectX11</Filter>
    </ClInclude>
    <ClInclude Include="code\DirectX11\uDX11RenderScene_Demo00.h">
      <Filter>SourceFiles\DirectX11</Filter>
    </ClInclude>
    <ClInclude Include="code\Application\sMouse.h">
      <Filter>SourceFiles\Application</Filter>
    </ClInclude>
    <ClInclude Include="code\Utility\cCamera3D.h">
      <Filter>SourceFiles\Utility</Filter>
    </ClInclude>
    <ClInclude Include="code\Application\sKeyboard.h">
      <Filter>SourceFiles\Application</Filter>
    </ClInclude>
  </ItemGroup>
  <ItemGroup>
    <FxCompile Include="hlsl\DefaultPipeline.hlsl">
      <Filter>ShaderFiles\HLSL</Filter>
    </FxCompile>
  </ItemGroup>
</Project>